// !$*UTF8*$!
{
	archiveVersion = 1;
	classes = {
	};
	objectVersion = 46;
	objects = {

/* Begin PBXBuildFile section */
		084190971EE3471900C30EC9 /* GlobalHelper.swift in Sources */ = {isa = PBXBuildFile; fileRef = 084190961EE3471900C30EC9 /* GlobalHelper.swift */; };
		0868862A1E9DD09A009DFF61 /* User.swift in Sources */ = {isa = PBXBuildFile; fileRef = 086886291E9DD09A009DFF61 /* User.swift */; };
		08757B7B1E56C56600219BCA /* Product.swift in Sources */ = {isa = PBXBuildFile; fileRef = 08757B7A1E56C56600219BCA /* Product.swift */; };
		088542BF1DE93481004344D4 /* AppDelegate.swift in Sources */ = {isa = PBXBuildFile; fileRef = 088542BE1DE93481004344D4 /* AppDelegate.swift */; };
		088542C11DE93481004344D4 /* ViewController.swift in Sources */ = {isa = PBXBuildFile; fileRef = 088542C01DE93481004344D4 /* ViewController.swift */; };
		088542C41DE93481004344D4 /* Main.storyboard in Resources */ = {isa = PBXBuildFile; fileRef = 088542C21DE93481004344D4 /* Main.storyboard */; };
		088542C91DE93481004344D4 /* LaunchScreen.storyboard in Resources */ = {isa = PBXBuildFile; fileRef = 088542C71DE93481004344D4 /* LaunchScreen.storyboard */; };
		088542D41DE93481004344D4 /* GTThriftShopTests.swift in Sources */ = {isa = PBXBuildFile; fileRef = 088542D31DE93481004344D4 /* GTThriftShopTests.swift */; };
		088542DF1DE93481004344D4 /* GTThriftShopUITests.swift in Sources */ = {isa = PBXBuildFile; fileRef = 088542DE1DE93481004344D4 /* GTThriftShopUITests.swift */; };
		089233801E8F58FB00B72BF7 /* ContactSellerViewController.swift in Sources */ = {isa = PBXBuildFile; fileRef = 0892337F1E8F58FB00B72BF7 /* ContactSellerViewController.swift */; };
		0899EEE91E713BC500262267 /* RateAndCommentTableViewController.swift in Sources */ = {isa = PBXBuildFile; fileRef = 0899EEE81E713BC500262267 /* RateAndCommentTableViewController.swift */; };
		0899EEF11E71DDF700262267 /* CommentDetailTableViewController.swift in Sources */ = {isa = PBXBuildFile; fileRef = 0899EEF01E71DDF700262267 /* CommentDetailTableViewController.swift */; };
		0899EEF31E72278300262267 /* SellTableViewController.swift in Sources */ = {isa = PBXBuildFile; fileRef = 0899EEF21E72278300262267 /* SellTableViewController.swift */; };
		089ECA3F1DEE7F6C00D508F6 /* Assets.xcassets in Resources */ = {isa = PBXBuildFile; fileRef = 089ECA3E1DEE7F6C00D508F6 /* Assets.xcassets */; };
		089ECA411DEE8EFD00D508F6 /* LoginViewController.swift in Sources */ = {isa = PBXBuildFile; fileRef = 089ECA401DEE8EFD00D508F6 /* LoginViewController.swift */; };
		089ECA431DEE8F2300D508F6 /* MainPageViewController.swift in Sources */ = {isa = PBXBuildFile; fileRef = 089ECA421DEE8F2300D508F6 /* MainPageViewController.swift */; };
		089ECA451DEE8F4200D508F6 /* ItemDetailViewController.swift in Sources */ = {isa = PBXBuildFile; fileRef = 089ECA441DEE8F4200D508F6 /* ItemDetailViewController.swift */; };
		089ECA491DEE8F7700D508F6 /* ChatViewController.swift in Sources */ = {isa = PBXBuildFile; fileRef = 089ECA481DEE8F7700D508F6 /* ChatViewController.swift */; };
		089ECA4D1DEE8FAB00D508F6 /* FavoriteViewController.swift in Sources */ = {isa = PBXBuildFile; fileRef = 089ECA4C1DEE8FAB00D508F6 /* FavoriteViewController.swift */; };
		089ECA4F1DEE8FBE00D508F6 /* UserProfileViewController.swift in Sources */ = {isa = PBXBuildFile; fileRef = 089ECA4E1DEE8FBE00D508F6 /* UserProfileViewController.swift */; };
		08AF3D1A1E9F63AD0078A906 /* ForgotPasswordViewController.swift in Sources */ = {isa = PBXBuildFile; fileRef = 08AF3D191E9F63AD0078A906 /* ForgotPasswordViewController.swift */; };
		08CA35521E3ACD0800EFF7D1 /* FirstTimeViewController.swift in Sources */ = {isa = PBXBuildFile; fileRef = 08CA35511E3ACD0800EFF7D1 /* FirstTimeViewController.swift */; };
		08CA35541E3ACD1A00EFF7D1 /* FirstTimeSuccessViewController.swift in Sources */ = {isa = PBXBuildFile; fileRef = 08CA35531E3ACD1A00EFF7D1 /* FirstTimeSuccessViewController.swift */; };
		08E8A84A1E8DFBFA00B338EE /* GoogleService-Info.plist in Resources */ = {isa = PBXBuildFile; fileRef = 08E8A8491E8DFBFA00B338EE /* GoogleService-Info.plist */; };
		08E8A84D1E8DFDB600B338EE /* Pods_GTThriftShop.framework in Frameworks */ = {isa = PBXBuildFile; fileRef = 3E84B06BCEEC3BD2B483DA67 /* Pods_GTThriftShop.framework */; };
		08F5A3531E9E052800EAADCC /* EmbedTableViewController.swift in Sources */ = {isa = PBXBuildFile; fileRef = 08F5A3521E9E052800EAADCC /* EmbedTableViewController.swift */; };
		D71CDABC1E706E3C00D94118 /* DropMenuButton.swift in Sources */ = {isa = PBXBuildFile; fileRef = D71CDABB1E706E3C00D94118 /* DropMenuButton.swift */; };
		D71CDAC41E72630900D94118 /* KDCircularProgress.swift in Sources */ = {isa = PBXBuildFile; fileRef = D71CDAC31E72630900D94118 /* KDCircularProgress.swift */; };
		D7960FD51ED5CE870034678F /* MyCommentCollectionViewController.swift in Sources */ = {isa = PBXBuildFile; fileRef = D7960FD41ED5CE870034678F /* MyCommentCollectionViewController.swift */; };
		D7960FD91ED6D4E20034678F /* PublishmentViewController.swift in Sources */ = {isa = PBXBuildFile; fileRef = D7960FD81ED6D4E20034678F /* PublishmentViewController.swift */; };
		D7960FF91ED716980034678F /* TransactionViewController.swift in Sources */ = {isa = PBXBuildFile; fileRef = D7960FF81ED716980034678F /* TransactionViewController.swift */; };
		D7A84B9A1E3B3ACC00DCEDE7 /* HttpClient.swift in Sources */ = {isa = PBXBuildFile; fileRef = D7A84B991E3B3ACC00DCEDE7 /* HttpClient.swift */; };
/* End PBXBuildFile section */

/* Begin PBXContainerItemProxy section */
		088542D01DE93481004344D4 /* PBXContainerItemProxy */ = {
			isa = PBXContainerItemProxy;
			containerPortal = 088542B31DE93481004344D4 /* Project object */;
			proxyType = 1;
			remoteGlobalIDString = 088542BA1DE93481004344D4;
			remoteInfo = GTThriftShop;
		};
		088542DB1DE93481004344D4 /* PBXContainerItemProxy */ = {
			isa = PBXContainerItemProxy;
			containerPortal = 088542B31DE93481004344D4 /* Project object */;
			proxyType = 1;
			remoteGlobalIDString = 088542BA1DE93481004344D4;
			remoteInfo = GTThriftShop;
		};
/* End PBXContainerItemProxy section */

/* Begin PBXFileReference section */
		084190961EE3471900C30EC9 /* GlobalHelper.swift */ = {isa = PBXFileReference; fileEncoding = 4; lastKnownFileType = sourcecode.swift; path = GlobalHelper.swift; sourceTree = "<group>"; };
		086886291E9DD09A009DFF61 /* User.swift */ = {isa = PBXFileReference; fileEncoding = 4; lastKnownFileType = sourcecode.swift; path = User.swift; sourceTree = "<group>"; };
		08757B7A1E56C56600219BCA /* Product.swift */ = {isa = PBXFileReference; fileEncoding = 4; lastKnownFileType = sourcecode.swift; name = Product.swift; path = ../Product.swift; sourceTree = "<group>"; };
		088542BB1DE93481004344D4 /* GTThriftShop.app */ = {isa = PBXFileReference; explicitFileType = wrapper.application; includeInIndex = 0; path = GTThriftShop.app; sourceTree = BUILT_PRODUCTS_DIR; };
		088542BE1DE93481004344D4 /* AppDelegate.swift */ = {isa = PBXFileReference; lastKnownFileType = sourcecode.swift; path = AppDelegate.swift; sourceTree = "<group>"; };
		088542C01DE93481004344D4 /* ViewController.swift */ = {isa = PBXFileReference; lastKnownFileType = sourcecode.swift; path = ViewController.swift; sourceTree = "<group>"; };
		088542C31DE93481004344D4 /* Base */ = {isa = PBXFileReference; lastKnownFileType = file.storyboard; name = Base; path = Base.lproj/Main.storyboard; sourceTree = "<group>"; };
		088542C81DE93481004344D4 /* Base */ = {isa = PBXFileReference; lastKnownFileType = file.storyboard; name = Base; path = Base.lproj/LaunchScreen.storyboard; sourceTree = "<group>"; };
		088542CA1DE93481004344D4 /* Info.plist */ = {isa = PBXFileReference; lastKnownFileType = text.plist.xml; path = Info.plist; sourceTree = "<group>"; };
		088542CF1DE93481004344D4 /* GTThriftShopTests.xctest */ = {isa = PBXFileReference; explicitFileType = wrapper.cfbundle; includeInIndex = 0; path = GTThriftShopTests.xctest; sourceTree = BUILT_PRODUCTS_DIR; };
		088542D31DE93481004344D4 /* GTThriftShopTests.swift */ = {isa = PBXFileReference; lastKnownFileType = sourcecode.swift; path = GTThriftShopTests.swift; sourceTree = "<group>"; };
		088542D51DE93481004344D4 /* Info.plist */ = {isa = PBXFileReference; lastKnownFileType = text.plist.xml; path = Info.plist; sourceTree = "<group>"; };
		088542DA1DE93481004344D4 /* GTThriftShopUITests.xctest */ = {isa = PBXFileReference; explicitFileType = wrapper.cfbundle; includeInIndex = 0; path = GTThriftShopUITests.xctest; sourceTree = BUILT_PRODUCTS_DIR; };
		088542DE1DE93481004344D4 /* GTThriftShopUITests.swift */ = {isa = PBXFileReference; lastKnownFileType = sourcecode.swift; path = GTThriftShopUITests.swift; sourceTree = "<group>"; };
		088542E01DE93481004344D4 /* Info.plist */ = {isa = PBXFileReference; lastKnownFileType = text.plist.xml; path = Info.plist; sourceTree = "<group>"; };
		0892337F1E8F58FB00B72BF7 /* ContactSellerViewController.swift */ = {isa = PBXFileReference; fileEncoding = 4; lastKnownFileType = sourcecode.swift; path = ContactSellerViewController.swift; sourceTree = "<group>"; };
		089233811E8F5A6400B72BF7 /* JSQMessagesViewController.framework */ = {isa = PBXFileReference; lastKnownFileType = wrapper.framework; name = JSQMessagesViewController.framework; path = "Pods/../build/Debug-iphoneos/JSQMessagesViewController/JSQMessagesViewController.framework"; sourceTree = "<group>"; };
		089233831E8F5A6800B72BF7 /* JSQSystemSoundPlayer.framework */ = {isa = PBXFileReference; lastKnownFileType = wrapper.framework; name = JSQSystemSoundPlayer.framework; path = "Pods/../build/Debug-iphoneos/JSQSystemSoundPlayer/JSQSystemSoundPlayer.framework"; sourceTree = "<group>"; };
		089233851E8F5C0A00B72BF7 /* GTThriftShop-Bridging-Header.h */ = {isa = PBXFileReference; fileEncoding = 4; lastKnownFileType = sourcecode.c.h; path = "GTThriftShop-Bridging-Header.h"; sourceTree = "<group>"; };
		0899EEE81E713BC500262267 /* RateAndCommentTableViewController.swift */ = {isa = PBXFileReference; fileEncoding = 4; lastKnownFileType = sourcecode.swift; path = RateAndCommentTableViewController.swift; sourceTree = "<group>"; };
		0899EEF01E71DDF700262267 /* CommentDetailTableViewController.swift */ = {isa = PBXFileReference; fileEncoding = 4; lastKnownFileType = sourcecode.swift; name = CommentDetailTableViewController.swift; path = ../CommentDetailTableViewController.swift; sourceTree = "<group>"; };
		0899EEF21E72278300262267 /* SellTableViewController.swift */ = {isa = PBXFileReference; fileEncoding = 4; lastKnownFileType = sourcecode.swift; path = SellTableViewController.swift; sourceTree = "<group>"; };
		089ECA3E1DEE7F6C00D508F6 /* Assets.xcassets */ = {isa = PBXFileReference; lastKnownFileType = folder.assetcatalog; path = Assets.xcassets; sourceTree = "<group>"; };
		089ECA401DEE8EFD00D508F6 /* LoginViewController.swift */ = {isa = PBXFileReference; fileEncoding = 4; lastKnownFileType = sourcecode.swift; path = LoginViewController.swift; sourceTree = "<group>"; };
		089ECA421DEE8F2300D508F6 /* MainPageViewController.swift */ = {isa = PBXFileReference; fileEncoding = 4; lastKnownFileType = sourcecode.swift; path = MainPageViewController.swift; sourceTree = "<group>"; };
		089ECA441DEE8F4200D508F6 /* ItemDetailViewController.swift */ = {isa = PBXFileReference; fileEncoding = 4; lastKnownFileType = sourcecode.swift; path = ItemDetailViewController.swift; sourceTree = "<group>"; };
		089ECA481DEE8F7700D508F6 /* ChatViewController.swift */ = {isa = PBXFileReference; fileEncoding = 4; lastKnownFileType = sourcecode.swift; path = ChatViewController.swift; sourceTree = "<group>"; };
		089ECA4C1DEE8FAB00D508F6 /* FavoriteViewController.swift */ = {isa = PBXFileReference; fileEncoding = 4; lastKnownFileType = sourcecode.swift; path = FavoriteViewController.swift; sourceTree = "<group>"; };
		089ECA4E1DEE8FBE00D508F6 /* UserProfileViewController.swift */ = {isa = PBXFileReference; fileEncoding = 4; lastKnownFileType = sourcecode.swift; path = UserProfileViewController.swift; sourceTree = "<group>"; };
		08AF3D191E9F63AD0078A906 /* ForgotPasswordViewController.swift */ = {isa = PBXFileReference; fileEncoding = 4; lastKnownFileType = sourcecode.swift; path = ForgotPasswordViewController.swift; sourceTree = "<group>"; };
		08CA35511E3ACD0800EFF7D1 /* FirstTimeViewController.swift */ = {isa = PBXFileReference; fileEncoding = 4; lastKnownFileType = sourcecode.swift; path = FirstTimeViewController.swift; sourceTree = "<group>"; };
		08CA35531E3ACD1A00EFF7D1 /* FirstTimeSuccessViewController.swift */ = {isa = PBXFileReference; fileEncoding = 4; lastKnownFileType = sourcecode.swift; path = FirstTimeSuccessViewController.swift; sourceTree = "<group>"; };
		08E8A8491E8DFBFA00B338EE /* GoogleService-Info.plist */ = {isa = PBXFileReference; fileEncoding = 4; lastKnownFileType = text.plist.xml; path = "GoogleService-Info.plist"; sourceTree = "<group>"; };
		08E8A84B1E8DFDA000B338EE /* Foundation.framework */ = {isa = PBXFileReference; lastKnownFileType = wrapper.framework; name = Foundation.framework; path = System/Library/Frameworks/Foundation.framework; sourceTree = SDKROOT; };
		08F5A3521E9E052800EAADCC /* EmbedTableViewController.swift */ = {isa = PBXFileReference; fileEncoding = 4; lastKnownFileType = sourcecode.swift; path = EmbedTableViewController.swift; sourceTree = "<group>"; };
		1485D83152A8028ECFC684D7 /* Pods_GTThriftShopTests.framework */ = {isa = PBXFileReference; explicitFileType = wrapper.framework; includeInIndex = 0; path = Pods_GTThriftShopTests.framework; sourceTree = BUILT_PRODUCTS_DIR; };
		3A49BD5A6938D325BF2E5287 /* Pods-GTThriftShop.debug.xcconfig */ = {isa = PBXFileReference; includeInIndex = 1; lastKnownFileType = text.xcconfig; name = "Pods-GTThriftShop.debug.xcconfig"; path = "Pods/Target Support Files/Pods-GTThriftShop/Pods-GTThriftShop.debug.xcconfig"; sourceTree = "<group>"; };
		3E84B06BCEEC3BD2B483DA67 /* Pods_GTThriftShop.framework */ = {isa = PBXFileReference; explicitFileType = wrapper.framework; includeInIndex = 0; path = Pods_GTThriftShop.framework; sourceTree = BUILT_PRODUCTS_DIR; };
		7C5D345FB1E8E0BB4D4C56E7 /* Pods_GTThriftShopUITests.framework */ = {isa = PBXFileReference; explicitFileType = wrapper.framework; includeInIndex = 0; path = Pods_GTThriftShopUITests.framework; sourceTree = BUILT_PRODUCTS_DIR; };
		89C60571F5E8E65FA2903918 /* Pods-GTThriftShop.release.xcconfig */ = {isa = PBXFileReference; includeInIndex = 1; lastKnownFileType = text.xcconfig; name = "Pods-GTThriftShop.release.xcconfig"; path = "Pods/Target Support Files/Pods-GTThriftShop/Pods-GTThriftShop.release.xcconfig"; sourceTree = "<group>"; };
		D71CDABB1E706E3C00D94118 /* DropMenuButton.swift */ = {isa = PBXFileReference; fileEncoding = 4; lastKnownFileType = sourcecode.swift; path = DropMenuButton.swift; sourceTree = "<group>"; };
		D71CDAC31E72630900D94118 /* KDCircularProgress.swift */ = {isa = PBXFileReference; fileEncoding = 4; lastKnownFileType = sourcecode.swift; path = KDCircularProgress.swift; sourceTree = "<group>"; };
		D71CDAC61E72643E00D94118 /* KDCircularProgress.swift */ = {isa = PBXFileReference; lastKnownFileType = sourcecode.swift; name = KDCircularProgress.swift; path = "../../../../Downloads/KDCircularProgress-1.5.0/KDCircularProgress/KDCircularProgress.swift"; sourceTree = "<group>"; };
		D7960FD41ED5CE870034678F /* MyCommentCollectionViewController.swift */ = {isa = PBXFileReference; fileEncoding = 4; lastKnownFileType = sourcecode.swift; path = MyCommentCollectionViewController.swift; sourceTree = "<group>"; };
		D7960FD81ED6D4E20034678F /* PublishmentViewController.swift */ = {isa = PBXFileReference; fileEncoding = 4; lastKnownFileType = sourcecode.swift; path = PublishmentViewController.swift; sourceTree = "<group>"; };
		D7960FF81ED716980034678F /* TransactionViewController.swift */ = {isa = PBXFileReference; fileEncoding = 4; lastKnownFileType = sourcecode.swift; path = TransactionViewController.swift; sourceTree = "<group>"; };
		D7A84B991E3B3ACC00DCEDE7 /* HttpClient.swift */ = {isa = PBXFileReference; fileEncoding = 4; lastKnownFileType = sourcecode.swift; path = HttpClient.swift; sourceTree = "<group>"; };
/* End PBXFileReference section */

/* Begin PBXFrameworksBuildPhase section */
		088542B81DE93481004344D4 /* Frameworks */ = {
			isa = PBXFrameworksBuildPhase;
			buildActionMask = 2147483647;
			files = (
				08E8A84D1E8DFDB600B338EE /* Pods_GTThriftShop.framework in Frameworks */,
			);
			runOnlyForDeploymentPostprocessing = 0;
		};
		088542CC1DE93481004344D4 /* Frameworks */ = {
			isa = PBXFrameworksBuildPhase;
			buildActionMask = 2147483647;
			files = (
			);
			runOnlyForDeploymentPostprocessing = 0;
		};
		088542D71DE93481004344D4 /* Frameworks */ = {
			isa = PBXFrameworksBuildPhase;
			buildActionMask = 2147483647;
			files = (
			);
			runOnlyForDeploymentPostprocessing = 0;
		};
/* End PBXFrameworksBuildPhase section */

/* Begin PBXGroup section */
		086886281E9DCA12009DFF61 /* Chat */ = {
			isa = PBXGroup;
			children = (
				089ECA481DEE8F7700D508F6 /* ChatViewController.swift */,
				0892337F1E8F58FB00B72BF7 /* ContactSellerViewController.swift */,
			);
			name = Chat;
			sourceTree = "<group>";
		};
		08757B801E59022900219BCA /* Main Page */ = {
			isa = PBXGroup;
			children = (
				D71CDABB1E706E3C00D94118 /* DropMenuButton.swift */,
				089ECA421DEE8F2300D508F6 /* MainPageViewController.swift */,
				089ECA441DEE8F4200D508F6 /* ItemDetailViewController.swift */,
			);
			name = "Main Page";
			sourceTree = "<group>";
		};
		08757B811E59025200219BCA /* Favorite */ = {
			isa = PBXGroup;
			children = (
				089ECA4C1DEE8FAB00D508F6 /* FavoriteViewController.swift */,
			);
			name = Favorite;
			sourceTree = "<group>";
		};
		088542B21DE93481004344D4 = {
			isa = PBXGroup;
			children = (
				088542BD1DE93481004344D4 /* GTThriftShop */,
				088542D21DE93481004344D4 /* GTThriftShopTests */,
				088542DD1DE93481004344D4 /* GTThriftShopUITests */,
				088542BC1DE93481004344D4 /* Products */,
				D71CDAC51E72643D00D94118 /* Frameworks */,
				B7A63AC4BEA9386254FE0AD7 /* Pods */,
			);
			sourceTree = "<group>";
		};
		088542BC1DE93481004344D4 /* Products */ = {
			isa = PBXGroup;
			children = (
				088542BB1DE93481004344D4 /* GTThriftShop.app */,
				088542CF1DE93481004344D4 /* GTThriftShopTests.xctest */,
				088542DA1DE93481004344D4 /* GTThriftShopUITests.xctest */,
			);
			name = Products;
			sourceTree = "<group>";
		};
		088542BD1DE93481004344D4 /* GTThriftShop */ = {
			isa = PBXGroup;
			children = (
				088542BE1DE93481004344D4 /* AppDelegate.swift */,
				088542C21DE93481004344D4 /* Main.storyboard */,
				084190961EE3471900C30EC9 /* GlobalHelper.swift */,
				088542C71DE93481004344D4 /* LaunchScreen.storyboard */,
				089233851E8F5C0A00B72BF7 /* GTThriftShop-Bridging-Header.h */,
				08CA35551E3ACDA100EFF7D1 /* Login */,
				08757B801E59022900219BCA /* Main Page */,
				0899EEF41E72279C00262267 /* Sell Product */,
				08757B811E59025200219BCA /* Favorite */,
				0899EEEA1E713BCE00262267 /* User Profile */,
				086886281E9DCA12009DFF61 /* Chat */,
				0899EEEB1E713BF600262267 /* Models */,
				089ECA3E1DEE7F6C00D508F6 /* Assets.xcassets */,
				088542CA1DE93481004344D4 /* Info.plist */,
				08E8A8491E8DFBFA00B338EE /* GoogleService-Info.plist */,
			);
			path = GTThriftShop;
			sourceTree = "<group>";
		};
		088542D21DE93481004344D4 /* GTThriftShopTests */ = {
			isa = PBXGroup;
			children = (
				088542D31DE93481004344D4 /* GTThriftShopTests.swift */,
				088542D51DE93481004344D4 /* Info.plist */,
			);
			path = GTThriftShopTests;
			sourceTree = "<group>";
		};
		088542DD1DE93481004344D4 /* GTThriftShopUITests */ = {
			isa = PBXGroup;
			children = (
				088542DE1DE93481004344D4 /* GTThriftShopUITests.swift */,
				088542E01DE93481004344D4 /* Info.plist */,
			);
			path = GTThriftShopUITests;
			sourceTree = "<group>";
		};
		0899EEEA1E713BCE00262267 /* User Profile */ = {
			isa = PBXGroup;
			children = (
				D71CDAC31E72630900D94118 /* KDCircularProgress.swift */,
				0899EEE81E713BC500262267 /* RateAndCommentTableViewController.swift */,
				089ECA4E1DEE8FBE00D508F6 /* UserProfileViewController.swift */,
				0899EEF01E71DDF700262267 /* CommentDetailTableViewController.swift */,
				08F5A3521E9E052800EAADCC /* EmbedTableViewController.swift */,
				D7960FD41ED5CE870034678F /* MyCommentCollectionViewController.swift */,
				D7960FD81ED6D4E20034678F /* PublishmentViewController.swift */,
				D7960FF81ED716980034678F /* TransactionViewController.swift */,
			);
			name = "User Profile";
			sourceTree = "<group>";
		};
		0899EEEB1E713BF600262267 /* Models */ = {
			isa = PBXGroup;
			children = (
				08757B7A1E56C56600219BCA /* Product.swift */,
				086886291E9DD09A009DFF61 /* User.swift */,
			);
			name = Models;
			sourceTree = "<group>";
		};
		0899EEF41E72279C00262267 /* Sell Product */ = {
			isa = PBXGroup;
			children = (
				0899EEF21E72278300262267 /* SellTableViewController.swift */,
			);
			name = "Sell Product";
			sourceTree = "<group>";
		};
		08CA35551E3ACDA100EFF7D1 /* Login */ = {
			isa = PBXGroup;
			children = (
				08AF3D191E9F63AD0078A906 /* ForgotPasswordViewController.swift */,
				D7A84B991E3B3ACC00DCEDE7 /* HttpClient.swift */,
				088542C01DE93481004344D4 /* ViewController.swift */,
				089ECA401DEE8EFD00D508F6 /* LoginViewController.swift */,
				08CA35511E3ACD0800EFF7D1 /* FirstTimeViewController.swift */,
				08CA35531E3ACD1A00EFF7D1 /* FirstTimeSuccessViewController.swift */,
			);
			name = Login;
			sourceTree = "<group>";
		};
		B7A63AC4BEA9386254FE0AD7 /* Pods */ = {
			isa = PBXGroup;
			children = (
				3A49BD5A6938D325BF2E5287 /* Pods-GTThriftShop.debug.xcconfig */,
				89C60571F5E8E65FA2903918 /* Pods-GTThriftShop.release.xcconfig */,
			);
			name = Pods;
			sourceTree = "<group>";
		};
		D71CDAC51E72643D00D94118 /* Frameworks */ = {
			isa = PBXGroup;
			children = (
				089233831E8F5A6800B72BF7 /* JSQSystemSoundPlayer.framework */,
				089233811E8F5A6400B72BF7 /* JSQMessagesViewController.framework */,
				08E8A84B1E8DFDA000B338EE /* Foundation.framework */,
				D71CDAC61E72643E00D94118 /* KDCircularProgress.swift */,
				3E84B06BCEEC3BD2B483DA67 /* Pods_GTThriftShop.framework */,
				1485D83152A8028ECFC684D7 /* Pods_GTThriftShopTests.framework */,
				7C5D345FB1E8E0BB4D4C56E7 /* Pods_GTThriftShopUITests.framework */,
			);
			name = Frameworks;
			sourceTree = "<group>";
		};
/* End PBXGroup section */

/* Begin PBXNativeTarget section */
		088542BA1DE93481004344D4 /* GTThriftShop */ = {
			isa = PBXNativeTarget;
			buildConfigurationList = 088542E31DE93481004344D4 /* Build configuration list for PBXNativeTarget "GTThriftShop" */;
			buildPhases = (
				159DC33FD53B53A17DABEEC0 /* [CP] Check Pods Manifest.lock */,
				088542B71DE93481004344D4 /* Sources */,
				088542B81DE93481004344D4 /* Frameworks */,
				088542B91DE93481004344D4 /* Resources */,
				FB045EB9FE35AE4D96D82D18 /* [CP] Embed Pods Frameworks */,
				919E7DE2793118105E658695 /* [CP] Copy Pods Resources */,
			);
			buildRules = (
			);
			dependencies = (
			);
			name = GTThriftShop;
			productName = GTThriftShop;
			productReference = 088542BB1DE93481004344D4 /* GTThriftShop.app */;
			productType = "com.apple.product-type.application";
		};
		088542CE1DE93481004344D4 /* GTThriftShopTests */ = {
			isa = PBXNativeTarget;
			buildConfigurationList = 088542E61DE93481004344D4 /* Build configuration list for PBXNativeTarget "GTThriftShopTests" */;
			buildPhases = (
				088542CB1DE93481004344D4 /* Sources */,
				088542CC1DE93481004344D4 /* Frameworks */,
				088542CD1DE93481004344D4 /* Resources */,
			);
			buildRules = (
			);
			dependencies = (
				088542D11DE93481004344D4 /* PBXTargetDependency */,
			);
			name = GTThriftShopTests;
			productName = GTThriftShopTests;
			productReference = 088542CF1DE93481004344D4 /* GTThriftShopTests.xctest */;
			productType = "com.apple.product-type.bundle.unit-test";
		};
		088542D91DE93481004344D4 /* GTThriftShopUITests */ = {
			isa = PBXNativeTarget;
			buildConfigurationList = 088542E91DE93481004344D4 /* Build configuration list for PBXNativeTarget "GTThriftShopUITests" */;
			buildPhases = (
				088542D61DE93481004344D4 /* Sources */,
				088542D71DE93481004344D4 /* Frameworks */,
				088542D81DE93481004344D4 /* Resources */,
			);
			buildRules = (
			);
			dependencies = (
				088542DC1DE93481004344D4 /* PBXTargetDependency */,
			);
			name = GTThriftShopUITests;
			productName = GTThriftShopUITests;
			productReference = 088542DA1DE93481004344D4 /* GTThriftShopUITests.xctest */;
			productType = "com.apple.product-type.bundle.ui-testing";
		};
/* End PBXNativeTarget section */

/* Begin PBXProject section */
		088542B31DE93481004344D4 /* Project object */ = {
			isa = PBXProject;
			attributes = {
				LastSwiftUpdateCheck = 0800;
				LastUpgradeCheck = 0820;
				ORGANIZATIONNAME = Triple6;
				TargetAttributes = {
					088542BA1DE93481004344D4 = {
						CreatedOnToolsVersion = 8.0;
						DevelopmentTeam = K5BR2FF6XK;
						ProvisioningStyle = Automatic;
					};
					088542CE1DE93481004344D4 = {
						CreatedOnToolsVersion = 8.0;
						ProvisioningStyle = Automatic;
						TestTargetID = 088542BA1DE93481004344D4;
					};
					088542D91DE93481004344D4 = {
						CreatedOnToolsVersion = 8.0;
						ProvisioningStyle = Automatic;
						TestTargetID = 088542BA1DE93481004344D4;
					};
				};
			};
			buildConfigurationList = 088542B61DE93481004344D4 /* Build configuration list for PBXProject "GTThriftShop" */;
			compatibilityVersion = "Xcode 3.2";
			developmentRegion = English;
			hasScannedForEncodings = 0;
			knownRegions = (
				en,
				Base,
			);
			mainGroup = 088542B21DE93481004344D4;
			productRefGroup = 088542BC1DE93481004344D4 /* Products */;
			projectDirPath = "";
			projectRoot = "";
			targets = (
				088542BA1DE93481004344D4 /* GTThriftShop */,
				088542CE1DE93481004344D4 /* GTThriftShopTests */,
				088542D91DE93481004344D4 /* GTThriftShopUITests */,
			);
		};
/* End PBXProject section */

/* Begin PBXResourcesBuildPhase section */
		088542B91DE93481004344D4 /* Resources */ = {
			isa = PBXResourcesBuildPhase;
			buildActionMask = 2147483647;
			files = (
				088542C91DE93481004344D4 /* LaunchScreen.storyboard in Resources */,
				08E8A84A1E8DFBFA00B338EE /* GoogleService-Info.plist in Resources */,
				089ECA3F1DEE7F6C00D508F6 /* Assets.xcassets in Resources */,
				088542C41DE93481004344D4 /* Main.storyboard in Resources */,
			);
			runOnlyForDeploymentPostprocessing = 0;
		};
		088542CD1DE93481004344D4 /* Resources */ = {
			isa = PBXResourcesBuildPhase;
			buildActionMask = 2147483647;
			files = (
			);
			runOnlyForDeploymentPostprocessing = 0;
		};
		088542D81DE93481004344D4 /* Resources */ = {
			isa = PBXResourcesBuildPhase;
			buildActionMask = 2147483647;
			files = (
			);
			runOnlyForDeploymentPostprocessing = 0;
		};
/* End PBXResourcesBuildPhase section */

/* Begin PBXShellScriptBuildPhase section */
		159DC33FD53B53A17DABEEC0 /* [CP] Check Pods Manifest.lock */ = {
			isa = PBXShellScriptBuildPhase;
			buildActionMask = 2147483647;
			files = (
			);
			inputPaths = (
			);
			name = "[CP] Check Pods Manifest.lock";
			outputPaths = (
			);
			runOnlyForDeploymentPostprocessing = 0;
			shellPath = /bin/sh;
			shellScript = "diff \"${PODS_ROOT}/../Podfile.lock\" \"${PODS_ROOT}/Manifest.lock\" > /dev/null\nif [ $? != 0 ] ; then\n    # print error to STDERR\n    echo \"error: The sandbox is not in sync with the Podfile.lock. Run 'pod install' or update your CocoaPods installation.\" >&2\n    exit 1\nfi\n";
			showEnvVarsInLog = 0;
		};
		919E7DE2793118105E658695 /* [CP] Copy Pods Resources */ = {
			isa = PBXShellScriptBuildPhase;
			buildActionMask = 2147483647;
			files = (
			);
			inputPaths = (
			);
			name = "[CP] Copy Pods Resources";
			outputPaths = (
			);
			runOnlyForDeploymentPostprocessing = 0;
			shellPath = /bin/sh;
			shellScript = "\"${SRCROOT}/Pods/Target Support Files/Pods-GTThriftShop/Pods-GTThriftShop-resources.sh\"\n";
			showEnvVarsInLog = 0;
		};
		FB045EB9FE35AE4D96D82D18 /* [CP] Embed Pods Frameworks */ = {
			isa = PBXShellScriptBuildPhase;
			buildActionMask = 2147483647;
			files = (
			);
			inputPaths = (
			);
			name = "[CP] Embed Pods Frameworks";
			outputPaths = (
			);
			runOnlyForDeploymentPostprocessing = 0;
			shellPath = /bin/sh;
			shellScript = "\"${SRCROOT}/Pods/Target Support Files/Pods-GTThriftShop/Pods-GTThriftShop-frameworks.sh\"\n";
			showEnvVarsInLog = 0;
		};
/* End PBXShellScriptBuildPhase section */

/* Begin PBXSourcesBuildPhase section */
		088542B71DE93481004344D4 /* Sources */ = {
			isa = PBXSourcesBuildPhase;
			buildActionMask = 2147483647;
			files = (
				084190971EE3471900C30EC9 /* GlobalHelper.swift in Sources */,
				08CA35521E3ACD0800EFF7D1 /* FirstTimeViewController.swift in Sources */,
				089ECA451DEE8F4200D508F6 /* ItemDetailViewController.swift in Sources */,
				089ECA4F1DEE8FBE00D508F6 /* UserProfileViewController.swift in Sources */,
				0899EEF31E72278300262267 /* SellTableViewController.swift in Sources */,
				D7960FD91ED6D4E20034678F /* PublishmentViewController.swift in Sources */,
				D71CDAC41E72630900D94118 /* KDCircularProgress.swift in Sources */,
				089ECA431DEE8F2300D508F6 /* MainPageViewController.swift in Sources */,
				089233801E8F58FB00B72BF7 /* ContactSellerViewController.swift in Sources */,
				089ECA411DEE8EFD00D508F6 /* LoginViewController.swift in Sources */,
				08CA35541E3ACD1A00EFF7D1 /* FirstTimeSuccessViewController.swift in Sources */,
				D7960FF91ED716980034678F /* TransactionViewController.swift in Sources */,
				08AF3D1A1E9F63AD0078A906 /* ForgotPasswordViewController.swift in Sources */,
				D7A84B9A1E3B3ACC00DCEDE7 /* HttpClient.swift in Sources */,
				089ECA4D1DEE8FAB00D508F6 /* FavoriteViewController.swift in Sources */,
				089ECA491DEE8F7700D508F6 /* ChatViewController.swift in Sources */,
				088542C11DE93481004344D4 /* ViewController.swift in Sources */,
				0899EEE91E713BC500262267 /* RateAndCommentTableViewController.swift in Sources */,
				D7960FD51ED5CE870034678F /* MyCommentCollectionViewController.swift in Sources */,
				0899EEF11E71DDF700262267 /* CommentDetailTableViewController.swift in Sources */,
				D71CDABC1E706E3C00D94118 /* DropMenuButton.swift in Sources */,
				088542BF1DE93481004344D4 /* AppDelegate.swift in Sources */,
				08757B7B1E56C56600219BCA /* Product.swift in Sources */,
				08F5A3531E9E052800EAADCC /* EmbedTableViewController.swift in Sources */,
				0868862A1E9DD09A009DFF61 /* User.swift in Sources */,
			);
			runOnlyForDeploymentPostprocessing = 0;
		};
		088542CB1DE93481004344D4 /* Sources */ = {
			isa = PBXSourcesBuildPhase;
			buildActionMask = 2147483647;
			files = (
				088542D41DE93481004344D4 /* GTThriftShopTests.swift in Sources */,
			);
			runOnlyForDeploymentPostprocessing = 0;
		};
		088542D61DE93481004344D4 /* Sources */ = {
			isa = PBXSourcesBuildPhase;
			buildActionMask = 2147483647;
			files = (
				088542DF1DE93481004344D4 /* GTThriftShopUITests.swift in Sources */,
			);
			runOnlyForDeploymentPostprocessing = 0;
		};
/* End PBXSourcesBuildPhase section */

/* Begin PBXTargetDependency section */
		088542D11DE93481004344D4 /* PBXTargetDependency */ = {
			isa = PBXTargetDependency;
			target = 088542BA1DE93481004344D4 /* GTThriftShop */;
			targetProxy = 088542D01DE93481004344D4 /* PBXContainerItemProxy */;
		};
		088542DC1DE93481004344D4 /* PBXTargetDependency */ = {
			isa = PBXTargetDependency;
			target = 088542BA1DE93481004344D4 /* GTThriftShop */;
			targetProxy = 088542DB1DE93481004344D4 /* PBXContainerItemProxy */;
		};
/* End PBXTargetDependency section */

/* Begin PBXVariantGroup section */
		088542C21DE93481004344D4 /* Main.storyboard */ = {
			isa = PBXVariantGroup;
			children = (
				088542C31DE93481004344D4 /* Base */,
			);
			name = Main.storyboard;
			sourceTree = "<group>";
		};
		088542C71DE93481004344D4 /* LaunchScreen.storyboard */ = {
			isa = PBXVariantGroup;
			children = (
				088542C81DE93481004344D4 /* Base */,
			);
			name = LaunchScreen.storyboard;
			sourceTree = "<group>";
		};
/* End PBXVariantGroup section */

/* Begin XCBuildConfiguration section */
		088542E11DE93481004344D4 /* Debug */ = {
			isa = XCBuildConfiguration;
			buildSettings = {
				ALWAYS_SEARCH_USER_PATHS = NO;
				CLANG_ANALYZER_NONNULL = YES;
				CLANG_CXX_LANGUAGE_STANDARD = "gnu++0x";
				CLANG_CXX_LIBRARY = "libc++";
				CLANG_ENABLE_MODULES = YES;
				CLANG_ENABLE_OBJC_ARC = YES;
				CLANG_WARN_BOOL_CONVERSION = YES;
				CLANG_WARN_CONSTANT_CONVERSION = YES;
				CLANG_WARN_DIRECT_OBJC_ISA_USAGE = YES_ERROR;
				CLANG_WARN_DOCUMENTATION_COMMENTS = YES;
				CLANG_WARN_EMPTY_BODY = YES;
				CLANG_WARN_ENUM_CONVERSION = YES;
				CLANG_WARN_INFINITE_RECURSION = YES;
				CLANG_WARN_INT_CONVERSION = YES;
				CLANG_WARN_OBJC_ROOT_CLASS = YES_ERROR;
				CLANG_WARN_SUSPICIOUS_MOVE = YES;
				CLANG_WARN_SUSPICIOUS_MOVES = YES;
				CLANG_WARN_UNREACHABLE_CODE = YES;
				CLANG_WARN__DUPLICATE_METHOD_MATCH = YES;
				"CODE_SIGN_IDENTITY[sdk=iphoneos*]" = "iPhone Developer";
				COPY_PHASE_STRIP = NO;
				DEBUG_INFORMATION_FORMAT = dwarf;
				ENABLE_STRICT_OBJC_MSGSEND = YES;
				ENABLE_TESTABILITY = YES;
				GCC_C_LANGUAGE_STANDARD = gnu99;
				GCC_DYNAMIC_NO_PIC = NO;
				GCC_NO_COMMON_BLOCKS = YES;
				GCC_OPTIMIZATION_LEVEL = 0;
				GCC_PREPROCESSOR_DEFINITIONS = (
					"DEBUG=1",
					"$(inherited)",
				);
				GCC_WARN_64_TO_32_BIT_CONVERSION = YES;
				GCC_WARN_ABOUT_RETURN_TYPE = YES_ERROR;
				GCC_WARN_UNDECLARED_SELECTOR = YES;
				GCC_WARN_UNINITIALIZED_AUTOS = YES_AGGRESSIVE;
				GCC_WARN_UNUSED_FUNCTION = YES;
				GCC_WARN_UNUSED_VARIABLE = YES;
				IPHONEOS_DEPLOYMENT_TARGET = 10.0;
				MTL_ENABLE_DEBUG_INFO = YES;
				ONLY_ACTIVE_ARCH = YES;
				SDKROOT = iphoneos;
				SWIFT_ACTIVE_COMPILATION_CONDITIONS = DEBUG;
				SWIFT_OPTIMIZATION_LEVEL = "-Onone";
			};
			name = Debug;
		};
		088542E21DE93481004344D4 /* Release */ = {
			isa = XCBuildConfiguration;
			buildSettings = {
				ALWAYS_SEARCH_USER_PATHS = NO;
				CLANG_ANALYZER_NONNULL = YES;
				CLANG_CXX_LANGUAGE_STANDARD = "gnu++0x";
				CLANG_CXX_LIBRARY = "libc++";
				CLANG_ENABLE_MODULES = YES;
				CLANG_ENABLE_OBJC_ARC = YES;
				CLANG_WARN_BOOL_CONVERSION = YES;
				CLANG_WARN_CONSTANT_CONVERSION = YES;
				CLANG_WARN_DIRECT_OBJC_ISA_USAGE = YES_ERROR;
				CLANG_WARN_DOCUMENTATION_COMMENTS = YES;
				CLANG_WARN_EMPTY_BODY = YES;
				CLANG_WARN_ENUM_CONVERSION = YES;
				CLANG_WARN_INFINITE_RECURSION = YES;
				CLANG_WARN_INT_CONVERSION = YES;
				CLANG_WARN_OBJC_ROOT_CLASS = YES_ERROR;
				CLANG_WARN_SUSPICIOUS_MOVE = YES;
				CLANG_WARN_SUSPICIOUS_MOVES = YES;
				CLANG_WARN_UNREACHABLE_CODE = YES;
				CLANG_WARN__DUPLICATE_METHOD_MATCH = YES;
				"CODE_SIGN_IDENTITY[sdk=iphoneos*]" = "iPhone Developer";
				COPY_PHASE_STRIP = NO;
				DEBUG_INFORMATION_FORMAT = "dwarf-with-dsym";
				ENABLE_NS_ASSERTIONS = NO;
				ENABLE_STRICT_OBJC_MSGSEND = YES;
				GCC_C_LANGUAGE_STANDARD = gnu99;
				GCC_NO_COMMON_BLOCKS = YES;
				GCC_WARN_64_TO_32_BIT_CONVERSION = YES;
				GCC_WARN_ABOUT_RETURN_TYPE = YES_ERROR;
				GCC_WARN_UNDECLARED_SELECTOR = YES;
				GCC_WARN_UNINITIALIZED_AUTOS = YES_AGGRESSIVE;
				GCC_WARN_UNUSED_FUNCTION = YES;
				GCC_WARN_UNUSED_VARIABLE = YES;
				IPHONEOS_DEPLOYMENT_TARGET = 10.0;
				MTL_ENABLE_DEBUG_INFO = NO;
				SDKROOT = iphoneos;
				SWIFT_OPTIMIZATION_LEVEL = "-Owholemodule";
				VALIDATE_PRODUCT = YES;
			};
			name = Release;
		};
		088542E41DE93481004344D4 /* Debug */ = {
			isa = XCBuildConfiguration;
			baseConfigurationReference = 3A49BD5A6938D325BF2E5287 /* Pods-GTThriftShop.debug.xcconfig */;
			buildSettings = {
				ASSETCATALOG_COMPILER_APPICON_NAME = AppIcon;
				"CODE_SIGN_IDENTITY[sdk=iphoneos*]" = "iPhone Developer";
				DEVELOPMENT_TEAM = K5BR2FF6XK;
				FRAMEWORK_SEARCH_PATHS = (
					"$(inherited)",
					"$(PROJECT_DIR)/Carthage/Build/iOS",
					"$(SRCROOT)/**",
					"$(PROJECT_DIR)/build/Debug-iphoneos/JSQMessagesViewController",
					"$(PROJECT_DIR)/build/Debug-iphoneos/JSQSystemSoundPlayer",
				);
				GCC_OPTIMIZATION_LEVEL = 1;
				HEADER_SEARCH_PATHS = "";
				INFOPLIST_FILE = GTThriftShop/Info.plist;
				LD_RUNPATH_SEARCH_PATHS = "$(inherited) @executable_path/Frameworks";
				PRODUCT_BUNDLE_IDENTIFIER = GTTS;
				PRODUCT_NAME = "$(TARGET_NAME)";
				SWIFT_VERSION = 3.0;
			};
			name = Debug;
		};
		088542E51DE93481004344D4 /* Release */ = {
			isa = XCBuildConfiguration;
			baseConfigurationReference = 89C60571F5E8E65FA2903918 /* Pods-GTThriftShop.release.xcconfig */;
			buildSettings = {
				ASSETCATALOG_COMPILER_APPICON_NAME = AppIcon;
				"CODE_SIGN_IDENTITY[sdk=iphoneos*]" = "iPhone Developer";
				DEVELOPMENT_TEAM = K5BR2FF6XK;
				FRAMEWORK_SEARCH_PATHS = (
					"$(inherited)",
					"$(PROJECT_DIR)/Carthage/Build/iOS",
					"$(SRCROOT)/**",
					"$(PROJECT_DIR)/build/Debug-iphoneos/JSQMessagesViewController",
					"$(PROJECT_DIR)/build/Debug-iphoneos/JSQSystemSoundPlayer",
				);
				HEADER_SEARCH_PATHS = "";
				INFOPLIST_FILE = GTThriftShop/Info.plist;
				LD_RUNPATH_SEARCH_PATHS = "$(inherited) @executable_path/Frameworks";
				PRODUCT_BUNDLE_IDENTIFIER = GTTS;
				PRODUCT_NAME = "$(TARGET_NAME)";
				SWIFT_VERSION = 3.0;
			};
			name = Release;
		};
		088542E71DE93481004344D4 /* Debug */ = {
			isa = XCBuildConfiguration;
			buildSettings = {
				ALWAYS_EMBED_SWIFT_STANDARD_LIBRARIES = YES;
				BUNDLE_LOADER = "$(TEST_HOST)";
				INFOPLIST_FILE = GTThriftShopTests/Info.plist;
				LD_RUNPATH_SEARCH_PATHS = "$(inherited) @executable_path/Frameworks @loader_path/Frameworks";
				PRODUCT_BUNDLE_IDENTIFIER = Triple6.GTThriftShopTests;
				PRODUCT_NAME = "$(TARGET_NAME)";
				SWIFT_VERSION = 3.0;
				TEST_HOST = "$(BUILT_PRODUCTS_DIR)/GTThriftShop.app/GTThriftShop";
			};
			name = Debug;
		};
		088542E81DE93481004344D4 /* Release */ = {
			isa = XCBuildConfiguration;
			buildSettings = {
				ALWAYS_EMBED_SWIFT_STANDARD_LIBRARIES = YES;
				BUNDLE_LOADER = "$(TEST_HOST)";
				INFOPLIST_FILE = GTThriftShopTests/Info.plist;
				LD_RUNPATH_SEARCH_PATHS = "$(inherited) @executable_path/Frameworks @loader_path/Frameworks";
				PRODUCT_BUNDLE_IDENTIFIER = Triple6.GTThriftShopTests;
				PRODUCT_NAME = "$(TARGET_NAME)";
				SWIFT_VERSION = 3.0;
				TEST_HOST = "$(BUILT_PRODUCTS_DIR)/GTThriftShop.app/GTThriftShop";
			};
			name = Release;
		};
		088542EA1DE93481004344D4 /* Debug */ = {
			isa = XCBuildConfiguration;
			buildSettings = {
				ALWAYS_EMBED_SWIFT_STANDARD_LIBRARIES = YES;
				INFOPLIST_FILE = GTThriftShopUITests/Info.plist;
				LD_RUNPATH_SEARCH_PATHS = "$(inherited) @executable_path/Frameworks @loader_path/Frameworks";
				PRODUCT_BUNDLE_IDENTIFIER = Triple6.GTThriftShopUITests;
				PRODUCT_NAME = "$(TARGET_NAME)";
				SWIFT_VERSION = 3.0;
				TEST_TARGET_NAME = GTThriftShop;
			};
			name = Debug;
		};
		088542EB1DE93481004344D4 /* Release */ = {
			isa = XCBuildConfiguration;
			buildSettings = {
				ALWAYS_EMBED_SWIFT_STANDARD_LIBRARIES = YES;
				INFOPLIST_FILE = GTThriftShopUITests/Info.plist;
				LD_RUNPATH_SEARCH_PATHS = "$(inherited) @executable_path/Frameworks @loader_path/Frameworks";
				PRODUCT_BUNDLE_IDENTIFIER = Triple6.GTThriftShopUITests;
				PRODUCT_NAME = "$(TARGET_NAME)";
				SWIFT_VERSION = 3.0;
				TEST_TARGET_NAME = GTThriftShop;
			};
			name = Release;
		};
/* End XCBuildConfiguration section */

/* Begin XCConfigurationList section */
		088542B61DE93481004344D4 /* Build configuration list for PBXProject "GTThriftShop" */ = {
			isa = XCConfigurationList;
			buildConfigurations = (
				088542E11DE93481004344D4 /* Debug */,
				088542E21DE93481004344D4 /* Release */,
			);
			defaultConfigurationIsVisible = 0;
			defaultConfigurationName = Release;
		};
		088542E31DE93481004344D4 /* Build configuration list for PBXNativeTarget "GTThriftShop" */ = {
			isa = XCConfigurationList;
			buildConfigurations = (
				088542E41DE93481004344D4 /* Debug */,
				088542E51DE93481004344D4 /* Release */,
			);
			defaultConfigurationIsVisible = 0;
			defaultConfigurationName = Release;
		};
		088542E61DE93481004344D4 /* Build configuration list for PBXNativeTarget "GTThriftShopTests" */ = {
			isa = XCConfigurationList;
			buildConfigurations = (
				088542E71DE93481004344D4 /* Debug */,
				088542E81DE93481004344D4 /* Release */,
			);
			defaultConfigurationIsVisible = 0;
			defaultConfigurationName = Release;
		};
		088542E91DE93481004344D4 /* Build configuration list for PBXNativeTarget "GTThriftShopUITests" */ = {
			isa = XCConfigurationList;
			buildConfigurations = (
				088542EA1DE93481004344D4 /* Debug */,
				088542EB1DE93481004344D4 /* Release */,
			);
			defaultConfigurationIsVisible = 0;
			defaultConfigurationName = Release;
		};
/* End XCConfigurationList section */
	};
	rootObject = 088542B31DE93481004344D4 /* Project object */;
}
